{
  "name": "WebProgramming_Group2",
  "version": "1.0.0",
  "lockfileVersion": 1,
  "requires": true,
  "dependencies": {
    "hyperapp": {
      "version": "2.0.0-beta.18",
      "resolved": "https://registry.npmjs.org/hyperapp/-/hyperapp-2.0.0-beta.18.tgz",
      "integrity": "sha512-l6hXXU5P/2Oe0iULOTQkA2oPGx3IDrVCXDChVCUbKpB7yKapsuNAvfHYOh8V2HS9k6P7TQQrbGcIUSqWMyAwXA=="
    }
  }
}
